// !$*UTF8*$!
{
	archiveVersion = 1;
	classes = {
	};
	objectVersion = 48;
	objects = {

/* Begin PBXBuildFile section */
		8EB4CA681FD6A3B5006A3E4B /* AppDelegate.swift in Sources */ = {isa = PBXBuildFile; fileRef = 8EB4CA671FD6A3B5006A3E4B /* AppDelegate.swift */; };
		8EB4CA6A1FD6A3B5006A3E4B /* ViewController.swift in Sources */ = {isa = PBXBuildFile; fileRef = 8EB4CA691FD6A3B5006A3E4B /* ViewController.swift */; };
		8EB4CA6D1FD6A3B5006A3E4B /* Main.storyboard in Resources */ = {isa = PBXBuildFile; fileRef = 8EB4CA6B1FD6A3B5006A3E4B /* Main.storyboard */; };
		8EB4CA6F1FD6A3B6006A3E4B /* Assets.xcassets in Resources */ = {isa = PBXBuildFile; fileRef = 8EB4CA6E1FD6A3B6006A3E4B /* Assets.xcassets */; };
		8EB4CA721FD6A3B6006A3E4B /* LaunchScreen.storyboard in Resources */ = {isa = PBXBuildFile; fileRef = 8EB4CA701FD6A3B6006A3E4B /* LaunchScreen.storyboard */; };
		8EB4CA7A1FD6AA8A006A3E4B /* GCDBlackBox.swift in Sources */ = {isa = PBXBuildFile; fileRef = 8EB4CA791FD6AA8A006A3E4B /* GCDBlackBox.swift */; };
		8EB4CA7C1FD6AB2C006A3E4B /* Constants.swift in Sources */ = {isa = PBXBuildFile; fileRef = 8EB4CA7B1FD6AB2C006A3E4B /* Constants.swift */; };
/* End PBXBuildFile section */

/* Begin PBXFileReference section */
		8EB4CA641FD6A3B5006A3E4B /* ForcedPerspectives App.app */ = {isa = PBXFileReference; explicitFileType = wrapper.application; includeInIndex = 0; path = "ForcedPerspectives App.app"; sourceTree = BUILT_PRODUCTS_DIR; };
		8EB4CA671FD6A3B5006A3E4B /* AppDelegate.swift */ = {isa = PBXFileReference; lastKnownFileType = sourcecode.swift; path = AppDelegate.swift; sourceTree = "<group>"; };
		8EB4CA691FD6A3B5006A3E4B /* ViewController.swift */ = {isa = PBXFileReference; lastKnownFileType = sourcecode.swift; path = ViewController.swift; sourceTree = "<group>"; };
		8EB4CA6C1FD6A3B5006A3E4B /* Base */ = {isa = PBXFileReference; lastKnownFileType = file.storyboard; name = Base; path = Base.lproj/Main.storyboard; sourceTree = "<group>"; };
		8EB4CA6E1FD6A3B6006A3E4B /* Assets.xcassets */ = {isa = PBXFileReference; lastKnownFileType = folder.assetcatalog; path = Assets.xcassets; sourceTree = "<group>"; };
		8EB4CA711FD6A3B6006A3E4B /* Base */ = {isa = PBXFileReference; lastKnownFileType = file.storyboard; name = Base; path = Base.lproj/LaunchScreen.storyboard; sourceTree = "<group>"; };
		8EB4CA731FD6A3B6006A3E4B /* Info.plist */ = {isa = PBXFileReference; lastKnownFileType = text.plist.xml; path = Info.plist; sourceTree = "<group>"; };
		8EB4CA791FD6AA8A006A3E4B /* GCDBlackBox.swift */ = {isa = PBXFileReference; lastKnownFileType = sourcecode.swift; path = GCDBlackBox.swift; sourceTree = "<group>"; };
		8EB4CA7B1FD6AB2C006A3E4B /* Constants.swift */ = {isa = PBXFileReference; lastKnownFileType = sourcecode.swift; path = Constants.swift; sourceTree = "<group>"; };
/* End PBXFileReference section */

/* Begin PBXFrameworksBuildPhase section */
		8EB4CA611FD6A3B5006A3E4B /* Frameworks */ = {
			isa = PBXFrameworksBuildPhase;
			buildActionMask = 2147483647;
			files = (
			);
			runOnlyForDeploymentPostprocessing = 0;
		};
/* End PBXFrameworksBuildPhase section */

/* Begin PBXGroup section */
		8EB4CA5B1FD6A3B5006A3E4B = {
			isa = PBXGroup;
			children = (
				8EB4CA661FD6A3B5006A3E4B /* ForcedPerspectives App */,
				8EB4CA651FD6A3B5006A3E4B /* Products */,
			);
			sourceTree = "<group>";
		};
		8EB4CA651FD6A3B5006A3E4B /* Products */ = {
			isa = PBXGroup;
			children = (
				8EB4CA641FD6A3B5006A3E4B /* ForcedPerspectives App.app */,
			);
			name = Products;
			sourceTree = "<group>";
		};
		8EB4CA661FD6A3B5006A3E4B /* ForcedPerspectives App */ = {
			isa = PBXGroup;
			children = (
				8EB4CA671FD6A3B5006A3E4B /* AppDelegate.swift */,
				8EB4CA691FD6A3B5006A3E4B /* ViewController.swift */,
				8EB4CA6B1FD6A3B5006A3E4B /* Main.storyboard */,
				8EB4CA6E1FD6A3B6006A3E4B /* Assets.xcassets */,
				8EB4CA701FD6A3B6006A3E4B /* LaunchScreen.storyboard */,
				8EB4CA731FD6A3B6006A3E4B /* Info.plist */,
				8EB4CA791FD6AA8A006A3E4B /* GCDBlackBox.swift */,
				8EB4CA7B1FD6AB2C006A3E4B /* Constants.swift */,
			);
			path = "ForcedPerspectives App";
			sourceTree = "<group>";
		};
/* End PBXGroup section */

/* Begin PBXNativeTarget section */
		8EB4CA631FD6A3B5006A3E4B /* ForcedPerspectives App */ = {
			isa = PBXNativeTarget;
			buildConfigurationList = 8EB4CA761FD6A3B6006A3E4B /* Build configuration list for PBXNativeTarget "ForcedPerspectives App" */;
			buildPhases = (
				8EB4CA601FD6A3B5006A3E4B /* Sources */,
				8EB4CA611FD6A3B5006A3E4B /* Frameworks */,
				8EB4CA621FD6A3B5006A3E4B /* Resources */,
			);
			buildRules = (
			);
			dependencies = (
			);
			name = "ForcedPerspectives App";
			productName = "ForcedPerspectives App";
			productReference = 8EB4CA641FD6A3B5006A3E4B /* ForcedPerspectives App.app */;
			productType = "com.apple.product-type.application";
		};
/* End PBXNativeTarget section */

/* Begin PBXProject section */
		8EB4CA5C1FD6A3B5006A3E4B /* Project object */ = {
			isa = PBXProject;
			attributes = {
				LastSwiftUpdateCheck = 0910;
				LastUpgradeCheck = 0910;
				ORGANIZATIONNAME = "Stemdot Business Solution";
				TargetAttributes = {
					8EB4CA631FD6A3B5006A3E4B = {
						CreatedOnToolsVersion = 9.1;
						ProvisioningStyle = Automatic;
					};
				};
			};
			buildConfigurationList = 8EB4CA5F1FD6A3B5006A3E4B /* Build configuration list for PBXProject "ForcedPerspectives App" */;
			compatibilityVersion = "Xcode 8.0";
			developmentRegion = en;
			hasScannedForEncodings = 0;
			knownRegions = (
				en,
				Base,
			);
			mainGroup = 8EB4CA5B1FD6A3B5006A3E4B;
			productRefGroup = 8EB4CA651FD6A3B5006A3E4B /* Products */;
			projectDirPath = "";
			projectRoot = "";
			targets = (
				8EB4CA631FD6A3B5006A3E4B /* ForcedPerspectives App */,
			);
		};
/* End PBXProject section */

/* Begin PBXResourcesBuildPhase section */
		8EB4CA621FD6A3B5006A3E4B /* Resources */ = {
			isa = PBXResourcesBuildPhase;
			buildActionMask = 2147483647;
			files = (
				8EB4CA721FD6A3B6006A3E4B /* LaunchScreen.storyboard in Resources */,
				8EB4CA6F1FD6A3B6006A3E4B /* Assets.xcassets in Resources */,
				8EB4CA6D1FD6A3B5006A3E4B /* Main.storyboard in Resources */,
			);
			runOnlyForDeploymentPostprocessing = 0;
		};
/* End PBXResourcesBuildPhase section */

/* Begin PBXSourcesBuildPhase section */
		8EB4CA601FD6A3B5006A3E4B /* Sources */ = {
			isa = PBXSourcesBuildPhase;
			buildActionMask = 2147483647;
			files = (
				8EB4CA6A1FD6A3B5006A3E4B /* ViewController.swift in Sources */,
				8EB4CA7A1FD6AA8A006A3E4B /* GCDBlackBox.swift in Sources */,
				8EB4CA681FD6A3B5006A3E4B /* AppDelegate.swift in Sources */,
				8EB4CA7C1FD6AB2C006A3E4B /* Constants.swift in Sources */,
			);
			runOnlyForDeploymentPostprocessing = 0;
		};
/* End PBXSourcesBuildPhase section */

/* Begin PBXVariantGroup section */
		8EB4CA6B1FD6A3B5006A3E4B /* Main.storyboard */ = {
			isa = PBXVariantGroup;
			children = (
				8EB4CA6C1FD6A3B5006A3E4B /* Base */,
			);
			name = Main.storyboard;
			sourceTree = "<group>";
		};
		8EB4CA701FD6A3B6006A3E4B /* LaunchScreen.storyboard */ = {
			isa = PBXVariantGroup;
			children = (
				8EB4CA711FD6A3B6006A3E4B /* Base */,
			);
			name = LaunchScreen.storyboard;
			sourceTree = "<group>";
		};
/* End PBXVariantGroup section */

/* Begin XCBuildConfiguration section */
		8EB4CA741FD6A3B6006A3E4B /* Debug */ = {
			isa = XCBuildConfiguration;
			buildSettings = {
				ALWAYS_SEARCH_USER_PATHS = NO;
				CLANG_ANALYZER_NONNULL = YES;
				CLANG_ANALYZER_NUMBER_OBJECT_CONVERSION = YES_AGGRESSIVE;
				CLANG_CXX_LANGUAGE_STANDARD = "gnu++14";
				CLANG_CXX_LIBRARY = "libc++";
				CLANG_ENABLE_MODULES = YES;
				CLANG_ENABLE_OBJC_ARC = YES;
				CLANG_WARN_BLOCK_CAPTURE_AUTORELEASING = YES;
				CLANG_WARN_BOOL_CONVERSION = YES;
				CLANG_WARN_COMMA = YES;
				CLANG_WARN_CONSTANT_CONVERSION = YES;
				CLANG_WARN_DIRECT_OBJC_ISA_USAGE = YES_ERROR;
				CLANG_WARN_DOCUMENTATION_COMMENTS = YES;
				CLANG_WARN_EMPTY_BODY = YES;
				CLANG_WARN_ENUM_CONVERSION = YES;
				CLANG_WARN_INFINITE_RECURSION = YES;
				CLANG_WARN_INT_CONVERSION = YES;
				CLANG_WARN_NON_LITERAL_NULL_CONVERSION = YES;
				CLANG_WARN_OBJC_LITERAL_CONVERSION = YES;
				CLANG_WARN_OBJC_ROOT_CLASS = YES_ERROR;
				CLANG_WARN_RANGE_LOOP_ANALYSIS = YES;
				CLANG_WARN_STRICT_PROTOTYPES = YES;
				CLANG_WARN_SUSPICIOUS_MOVE = YES;
				CLANG_WARN_UNGUARDED_AVAILABILITY = YES_AGGRESSIVE;
				CLANG_WARN_UNREACHABLE_CODE = YES;
				CLANG_WARN__DUPLICATE_METHOD_MATCH = YES;
				CODE_SIGN_IDENTITY = "iPhone Developer";
				COPY_PHASE_STRIP = NO;
				DEBUG_INFORMATION_FORMAT = dwarf;
				ENABLE_STRICT_OBJC_MSGSEND = YES;
				ENABLE_TESTABILITY = YES;
				GCC_C_LANGUAGE_STANDARD = gnu11;
				GCC_DYNAMIC_NO_PIC = NO;
				GCC_NO_COMMON_BLOCKS = YES;
				GCC_OPTIMIZATION_LEVEL = 0;
				GCC_PREPROCESSOR_DEFINITIONS = (
					"DEBUG=1",
					"$(inherited)",
				);
				GCC_WARN_64_TO_32_BIT_CONVERSION = YES;
				GCC_WARN_ABOUT_RETURN_TYPE = YES_ERROR;
				GCC_WARN_UNDECLARED_SELECTOR = YES;
				GCC_WARN_UNINITIALIZED_AUTOS = YES_AGGRESSIVE;
				GCC_WARN_UNUSED_FUNCTION = YES;
				GCC_WARN_UNUSED_VARIABLE = YES;
				IPHONEOS_DEPLOYMENT_TARGET = 11.1;
				MTL_ENABLE_DEBUG_INFO = YES;
				ONLY_ACTIVE_ARCH = YES;
				SDKROOT = iphoneos;
				SWIFT_ACTIVE_COMPILATION_CONDITIONS = DEBUG;
				SWIFT_OPTIMIZATION_LEVEL = "-Onone";
			};
			name = Debug;
		};
		8EB4CA751FD6A3B6006A3E4B /* Release */ = {
			isa = XCBuildConfiguration;
			buildSettings = {
				ALWAYS_SEARCH_USER_PATHS = NO;
				CLANG_ANALYZER_NONNULL = YES;
				CLANG_ANALYZER_NUMBER_OBJECT_CONVERSION = YES_AGGRESSIVE;
				CLANG_CXX_LANGUAGE_STANDARD = "gnu++14";
				CLANG_CXX_LIBRARY = "libc++";
				CLANG_ENABLE_MODULES = YES;
				CLANG_ENABLE_OBJC_ARC = YES;
				CLANG_WARN_BLOCK_CAPTURE_AUTORELEASING = YES;
				CLANG_WARN_BOOL_CONVERSION = YES;
				CLANG_WARN_COMMA = YES;
				CLANG_WARN_CONSTANT_CONVERSION = YES;
				CLANG_WARN_DIRECT_OBJC_ISA_USAGE = YES_ERROR;
				CLANG_WARN_DOCUMENTATION_COMMENTS = YES;
				CLANG_WARN_EMPTY_BODY = YES;
				CLANG_WARN_ENUM_CONVERSION = YES;
				CLANG_WARN_INFINITE_RECURSION = YES;
				CLANG_WARN_INT_CONVERSION = YES;
				CLANG_WARN_NON_LITERAL_NULL_CONVERSION = YES;
				CLANG_WARN_OBJC_LITERAL_CONVERSION = YES;
				CLANG_WARN_OBJC_ROOT_CLASS = YES_ERROR;
				CLANG_WARN_RANGE_LOOP_ANALYSIS = YES;
				CLANG_WARN_STRICT_PROTOTYPES = YES;
				CLANG_WARN_SUSPICIOUS_MOVE = YES;
				CLANG_WARN_UNGUARDED_AVAILABILITY = YES_AGGRESSIVE;
				CLANG_WARN_UNREACHABLE_CODE = YES;
				CLANG_WARN__DUPLICATE_METHOD_MATCH = YES;
				CODE_SIGN_IDENTITY = "iPhone Developer";
				COPY_PHASE_STRIP = NO;
				DEBUG_INFORMATION_FORMAT = "dwarf-with-dsym";
				ENABLE_NS_ASSERTIONS = NO;
				ENABLE_STRICT_OBJC_MSGSEND = YES;
				GCC_C_LANGUAGE_STANDARD = gnu11;
				GCC_NO_COMMON_BLOCKS = YES;
				GCC_WARN_64_TO_32_BIT_CONVERSION = YES;
				GCC_WARN_ABOUT_RETURN_TYPE = YES_ERROR;
				GCC_WARN_UNDECLARED_SELECTOR = YES;
				GCC_WARN_UNINITIALIZED_AUTOS = YES_AGGRESSIVE;
				GCC_WARN_UNUSED_FUNCTION = YES;
				GCC_WARN_UNUSED_VARIABLE = YES;
				IPHONEOS_DEPLOYMENT_TARGET = 11.1;
				MTL_ENABLE_DEBUG_INFO = NO;
				SDKROOT = iphoneos;
				SWIFT_OPTIMIZATION_LEVEL = "-Owholemodule";
				VALIDATE_PRODUCT = YES;
			};
			name = Release;
		};
		8EB4CA771FD6A3B6006A3E4B /* Debug */ = {
			isa = XCBuildConfiguration;
			buildSettings = {
				ASSETCATALOG_COMPILER_APPICON_NAME = AppIcon;
				CODE_SIGN_STYLE = Automatic;
				DEVELOPMENT_TEAM = 2UWK42PQH7;
				INFOPLIST_FILE = "ForcedPerspectives App/Info.plist";
				IPHONEOS_DEPLOYMENT_TARGET = 10.0;
				LD_RUNPATH_SEARCH_PATHS = "$(inherited) @executable_path/Frameworks";
				PRODUCT_BUNDLE_IDENTIFIER = "com.stemdot.ForcedPerspectives-App";
				PRODUCT_NAME = "$(TARGET_NAME)";
				SWIFT_VERSION = 4.0;
				TARGETED_DEVICE_FAMILY = "1,2";
			};
			name = Debug;
		};
		8EB4CA781FD6A3B6006A3E4B /* Release */ = {
			isa = XCBuildConfiguration;
			buildSettings = {
				ASSETCATALOG_COMPILER_APPICON_NAME = AppIcon;
				CODE_SIGN_STYLE = Automatic;
				DEVELOPMENT_TEAM = 2UWK42PQH7;
				INFOPLIST_FILE = "ForcedPerspectives App/Info.plist";
				IPHONEOS_DEPLOYMENT_TARGET = 10.0;
				LD_RUNPATH_SEARCH_PATHS = "$(inherited) @executable_path/Frameworks";
				PRODUCT_BUNDLE_IDENTIFIER = "com.stemdot.ForcedPerspectives-App";
				PRODUCT_NAME = "$(TARGET_NAME)";
				SWIFT_VERSION = 4.0;
				TARGETED_DEVICE_FAMILY = "1,2";
			};
			name = Release;
		};
/* End XCBuildConfiguration section */

/* Begin XCConfigurationList section */
		8EB4CA5F1FD6A3B5006A3E4B /* Build configuration list for PBXProject "ForcedPerspectives App" */ = {
			isa = XCConfigurationList;
			buildConfigurations = (
				8EB4CA741FD6A3B6006A3E4B /* Debug */,
				8EB4CA751FD6A3B6006A3E4B /* Release */,
			);
			defaultConfigurationIsVisible = 0;
			defaultConfigurationName = Release;
		};
		8EB4CA761FD6A3B6006A3E4B /* Build configuration list for PBXNativeTarget "ForcedPerspectives App" */ = {
			isa = XCConfigurationList;
			buildConfigurations = (
				8EB4CA771FD6A3B6006A3E4B /* Debug */,
				8EB4CA781FD6A3B6006A3E4B /* Release */,
			);
			defaultConfigurationIsVisible = 0;
			defaultConfigurationName = Release;
		};
/* End XCConfigurationList section */
	};
	rootObject = 8EB4CA5C1FD6A3B5006A3E4B /* Project object */;
}
